
Microsoft Visual Studio Solution File, Format Version 12.00
# Visual Studio Version 17
VisualStudioVersion = 17.4.33213.308
MinimumVisualStudioVersion = 10.0.40219.1
Project("{FAE04EC0-301F-11D3-BF4B-00C04F79EFBC}") = "eTickets", "eTickets\eTickets.csproj", "{71FCD9F8-8568-4842-8ADE-7804828EA178}"
EndProject
Global
	GlobalSection(SolutionConfigurationPlatforms) = preSolution
		Debug|Any CPU = Debug|Any CPU
		Release|Any CPU = Release|Any CPU
	EndGlobalSection
	GlobalSection(ProjectConfigurationPlatforms) = postSolution
		{71FCD9F8-8568-4842-8ADE-7804828EA178}.Debug|Any CPU.ActiveCfg = Debug|Any CPU
		{71FCD9F8-8568-4842-8ADE-7804828EA178}.Debug|Any CPU.Build.0 = Debug|Any CPU
		{71FCD9F8-8568-4842-8ADE-7804828EA178}.Release|Any CPU.ActiveCfg = Release|Any CPU
		{71FCD9F8-8568-4842-8ADE-7804828EA178}.Release|Any CPU.Build.0 = Release|Any CPU
	EndGlobalSection
	GlobalSection(SolutionProperties) = preSolution
		HideSolutionNode = FALSE
	EndGlobalSection
	GlobalSection(ExtensibilityGlobals) = postSolution
		SolutionGuid = {CF8B41D0-7D63-491C-9B49-145F66B7C0D4}
	EndGlobalSection
EndGlobal
